{
  "version": "5",
  "redirects": {
    "https://esm.sh/@supabase/functions-js@^2.1.5?target=denonext": "https://esm.sh/@supabase/functions-js@2.84.0?target=denonext",
    "https://esm.sh/@supabase/gotrue-js@^2.60.0?target=denonext": "https://esm.sh/@supabase/gotrue-js@2.102.1?target=denonext",
    "https://esm.sh/@supabase/node-fetch@^2.6.14?target=denonext": "https://esm.sh/@supabase/node-fetch@2.6.15?target=denonext",
    "https://esm.sh/@supabase/phoenix@^0.4.0?target=denonext": "https://esm.sh/@supabase/phoenix@0.4.0?target=denonext",
    "https://esm.sh/@supabase/postgrest-js@^1.9.0?target=denonext": "https://esm.sh/@supabase/postgrest-js@1.21.4?target=denonext",
    "https://esm.sh/@supabase/realtime-js@^2.9.3?target=denonext": "https://esm.sh/@supabase/realtime-js@2.102.1?target=denonext",
    "https://esm.sh/@supabase/storage-js@^2.5.4?target=denonext": "https://esm.sh/@supabase/storage-js@2.84.0?target=denonext",
    "https://esm.sh/@supabase/supabase-js@2": "https://esm.sh/@supabase/supabase-js@2.87.0",
    "https://esm.sh/iceberg-js@^0.8.1?target=denonext": "https://esm.sh/iceberg-js@0.8.1?target=denonext",
    "https://esm.sh/tr46@~0.0.3?target=denonext": "https://esm.sh/tr46@0.0.3?target=denonext",
    "https://esm.sh/webidl-conversions@^3.0.0?target=denonext": "https://esm.sh/webidl-conversions@3.0.1?target=denonext",
    "https://esm.sh/whatwg-url@^5.0.0?target=denonext": "https://esm.sh/whatwg-url@5.0.0?target=denonext"
  },
  "remote": {
    "https://deno.land/std@0.168.0/async/abortable.ts": "80b2ac399f142cc528f95a037a7d0e653296352d95c681e284533765961de409",
    "https://deno.land/std@0.168.0/async/deadline.ts": "2c2deb53c7c28ca1dda7a3ad81e70508b1ebc25db52559de6b8636c9278fd41f",
    "https://deno.land/std@0.168.0/async/debounce.ts": "60301ffb37e730cd2d6f9dadfd0ecb2a38857681bd7aaf6b0a106b06e5210a98",
    "https://deno.land/std@0.168.0/async/deferred.ts": "77d3f84255c3627f1cc88699d8472b664d7635990d5358c4351623e098e917d6",
    "https://deno.land/std@0.168.0/async/delay.ts": "5a9bfba8de38840308a7a33786a0155a7f6c1f7a859558ddcec5fe06e16daf57",
    "https://deno.land/std@0.168.0/async/mod.ts": "7809ad4bb223e40f5fdc043e5c7ca04e0e25eed35c32c3c32e28697c553fa6d9",
    "https://deno.land/std@0.168.0/async/mux_async_iterator.ts": "770a0ff26c59f8bbbda6b703a2235f04e379f73238e8d66a087edc68c2a2c35f",
    "https://deno.land/std@0.168.0/async/pool.ts": "6854d8cd675a74c73391c82005cbbe4cc58183bddcd1fbbd7c2bcda42b61cf69",
    "https://deno.land/std@0.168.0/async/retry.ts": "e8e5173623915bbc0ddc537698fa418cf875456c347eda1ed453528645b42e67",
    "https://deno.land/std@0.168.0/async/tee.ts": "3a47cc4e9a940904fd4341f0224907e199121c80b831faa5ec2b054c6d2eff5e",
    "https://deno.land/std@0.168.0/fmt/colors.ts": "03ad95e543d2808bc43c17a3dd29d25b43d0f16287fe562a0be89bf632454a12",
    "https://deno.land/std@0.168.0/http/server.ts": "e99c1bee8a3f6571ee4cdeb2966efad465b8f6fe62bec1bdb59c1f007cc4d155",
    "https://deno.land/std@0.168.0/testing/_diff.ts": "a23e7fc2b4d8daa3e158fa06856bedf5334ce2a2831e8bf9e509717f455adb2c",
    "https://deno.land/std@0.168.0/testing/_format.ts": "cd11136e1797791045e639e9f0f4640d5b4166148796cad37e6ef75f7d7f3832",
    "https://deno.land/std@0.168.0/testing/asserts.ts": "51353e79437361d4b02d8e32f3fc83b22231bc8f8d4c841d86fd32b0b0afe940",
    "https://deno.land/std@0.192.0/fmt/colors.ts": "d67e3cd9f472535241a8e410d33423980bec45047e343577554d3356e1f0ef4e",
    "https://deno.land/std@0.192.0/testing/_diff.ts": "1a3c044aedf77647d6cac86b798c6417603361b66b54c53331b312caeb447aea",
    "https://deno.land/std@0.192.0/testing/_format.ts": "a69126e8a469009adf4cf2a50af889aca364c349797e63174884a52ff75cf4c7",
    "https://deno.land/std@0.192.0/testing/asserts.ts": "e16d98b4d73ffc4ed498d717307a12500ae4f2cbe668f1a215632d19fcffc22f",
    "https://esm.sh/@supabase/auth-js@2.87.0/denonext/auth-js.mjs": "bf4741c0a78c1c5fdac3018acc61b135130ab569b04b1481e80e2dcb88a826f1",
    "https://esm.sh/@supabase/functions-js@2.84.0/denonext/functions-js.mjs": "016355f24757e593e29ae3347332b30049a8f2f6b55bd7e7a2caf7a577696f85",
    "https://esm.sh/@supabase/functions-js@2.84.0?target=denonext": "efc9d50c3ded9369e0f8dac16525afc43119f7cdad8092d13dbe6b1e30f60c14",
    "https://esm.sh/@supabase/functions-js@2.87.0/denonext/functions-js.mjs": "fd546ec448cd9c3d990f04eb935c2028e1fd0c3a91d5331b04ea09e119157eb5",
    "https://esm.sh/@supabase/gotrue-js@2.102.1/denonext/gotrue-js.mjs": "8e3b2afe468afa9e4e45a4c71b06537399df292caee5b0aaae3d030936614df3",
    "https://esm.sh/@supabase/gotrue-js@2.102.1?target=denonext": "e5931278001461278f46f06e9fbe3ee3db85e0d7502f50c005dc3f11af2a39ff",
    "https://esm.sh/@supabase/node-fetch@2.6.15/denonext/node-fetch.mjs": "0bae9052231f4f6dbccc7234d05ea96923dbf967be12f402764580b6bf9f713d",
    "https://esm.sh/@supabase/node-fetch@2.6.15?target=denonext": "4d28c4ad97328403184353f68434f2b6973971507919e9150297413664919cf3",
    "https://esm.sh/@supabase/phoenix@0.4.0/denonext/phoenix.mjs": "d9187057b2e3276d1110b9d814f737d4f8eff7f8b2765c4aa6bf7c7c30d070c9",
    "https://esm.sh/@supabase/phoenix@0.4.0?target=denonext": "c1df3cfcdcf13e9cfddf86181efbdd8d4099b9a2682188b74106596277a69d16",
    "https://esm.sh/@supabase/postgrest-js@1.21.4/denonext/postgrest-js.mjs": "c3769b11ef02debc78ecf6ab4e152d3cf7dbd05bbbafeb72c160e76cc57cda3c",
    "https://esm.sh/@supabase/postgrest-js@1.21.4?target=denonext": "db2315bc0ff19690cd4239c5adb5f5787f5dea04955058ef1fca541d49555ed6",
    "https://esm.sh/@supabase/postgrest-js@2.87.0/denonext/postgrest-js.mjs": "0068d6aee1745f4beed5e37aa37947b8e7c7e256527b5c4e425b14311914bcc3",
    "https://esm.sh/@supabase/realtime-js@2.102.1/denonext/realtime-js.mjs": "c8ca10fe491818ee3ee0c2c140b81426d78a630f785fb41a96f26ff6cbd844f4",
    "https://esm.sh/@supabase/realtime-js@2.102.1?target=denonext": "b7f940478763af8527510e7b603b029090d1a819490ec75dc826f7e87bbb4dce",
    "https://esm.sh/@supabase/realtime-js@2.87.0/denonext/realtime-js.mjs": "1f63716ec20d6b5f48fa124f76d631f9a3eb7802ef501c199fa1740f497a72a8",
    "https://esm.sh/@supabase/storage-js@2.84.0/denonext/storage-js.mjs": "ef21eb110d5b1c9586f6acaa2070706bd7b9f3799a8f14f262a36f85ee7bb13e",
    "https://esm.sh/@supabase/storage-js@2.84.0?target=denonext": "5eb99445d933963077e0fafeea03f6ec57c4c7059a49c8ef2f8540f0239aca0e",
    "https://esm.sh/@supabase/storage-js@2.87.0/denonext/storage-js.mjs": "55dd0bdc1292bc6311abe29b932fff42169a7615bbbfdcb826c3daba7e4c150c",
    "https://esm.sh/@supabase/supabase-js@2.39.0": "f51aeb2dbf8f67c8fa396628af45793e3513067d45705f1ea158f5c678bb0cea",
    "https://esm.sh/@supabase/supabase-js@2.39.3": "832d7714491bd1c8a9008a332b35cb099f24b451ad79e755ecf4d71985fd6610",
    "https://esm.sh/@supabase/supabase-js@2.39.3/denonext/supabase-js.mjs": "054f4cd1560fa814cdc10d06c0809b00d0817dc06a072fa983e4c023e4346439",
    "https://esm.sh/@supabase/supabase-js@2.87.0": "15d814ec002f71c71732990aa074ab82ac9e433d85ad446748749b64c82898e8",
    "https://esm.sh/@supabase/supabase-js@2.87.0/denonext/supabase-js.mjs": "4806e8413c7e85817b3ffb5b349f483349cf259df394d3efd87bc6b98e134ab3",
    "https://esm.sh/iceberg-js@0.8.1/denonext/iceberg-js.mjs": "d839d81a2e3966500ca2cdd0c1cb458e9608bacfc91f7bb67a69b2e878dcdb4f",
    "https://esm.sh/iceberg-js@0.8.1?target=denonext": "58c849d7fe2bf4eca4a84eb501e83c161a7d8c34ca1bec15a962b3bec3062633",
    "https://esm.sh/tr46@0.0.3/denonext/tr46.mjs": "5753ec0a99414f4055f0c1f97691100f13d88e48a8443b00aebb90a512785fa2",
    "https://esm.sh/tr46@0.0.3?target=denonext": "19cb9be0f0d418a0c3abb81f2df31f080e9540a04e43b0f699bce1149cba0cbb",
    "https://esm.sh/tslib@2.8.1/denonext/tslib.mjs": "ebce3cd5facb654623020337f867b426ba95f71596ba87acc9e6c6f4e55905ca",
    "https://esm.sh/webidl-conversions@3.0.1/denonext/webidl-conversions.mjs": "54b5c2d50a294853c4ccebf9d5ed8988c94f4e24e463d84ec859a866ea5fafec",
    "https://esm.sh/webidl-conversions@3.0.1?target=denonext": "4e20318d50528084616c79d7b3f6e7f0fe7b6d09013bd01b3974d7448d767e29",
    "https://esm.sh/whatwg-url@5.0.0/denonext/whatwg-url.mjs": "29b16d74ee72624c915745bbd25b617cfd2248c6af0f5120d131e232a9a9af79",
    "https://esm.sh/whatwg-url@5.0.0?target=denonext": "f001a2cadf81312d214ca330033f474e74d81a003e21e8c5d70a1f46dc97b02d"
  },
  "workspace": {
    "packageJson": {
      "dependencies": [
        "npm:@eslint/js@^9.15.0",
        "npm:@hookform/resolvers@^3.10.0",
        "npm:@playwright/test@^1.57.0",
        "npm:@radix-ui/react-accordion@^1.2.2",
        "npm:@radix-ui/react-alert-dialog@^1.1.4",
        "npm:@radix-ui/react-aspect-ratio@^1.1.1",
        "npm:@radix-ui/react-avatar@^1.1.2",
        "npm:@radix-ui/react-checkbox@^1.3.3",
        "npm:@radix-ui/react-collapsible@^1.1.2",
        "npm:@radix-ui/react-context-menu@^2.2.4",
        "npm:@radix-ui/react-dialog@^1.1.4",
        "npm:@radix-ui/react-dropdown-menu@^2.1.4",
        "npm:@radix-ui/react-hover-card@^1.1.4",
        "npm:@radix-ui/react-label@^2.1.1",
        "npm:@radix-ui/react-menubar@^1.1.4",
        "npm:@radix-ui/react-navigation-menu@^1.2.3",
        "npm:@radix-ui/react-popover@^1.1.4",
        "npm:@radix-ui/react-progress@^1.1.8",
        "npm:@radix-ui/react-radio-group@^1.2.2",
        "npm:@radix-ui/react-scroll-area@^1.2.10",
        "npm:@radix-ui/react-select@^2.1.4",
        "npm:@radix-ui/react-separator@^1.1.1",
        "npm:@radix-ui/react-slider@^1.2.2",
        "npm:@radix-ui/react-slot@^1.1.1",
        "npm:@radix-ui/react-switch@^1.1.2",
        "npm:@radix-ui/react-tabs@^1.1.2",
        "npm:@radix-ui/react-toast@^1.2.4",
        "npm:@radix-ui/react-toggle-group@^1.1.1",
        "npm:@radix-ui/react-toggle@^1.1.1",
        "npm:@radix-ui/react-tooltip@^1.2.8",
        "npm:@supabase/supabase-js@^2.78.0",
        "npm:@tanstack/query-sync-storage-persister@^5.90.9",
        "npm:@tanstack/react-query-persist-client@^5.90.9",
        "npm:@tanstack/react-query@^5.90.7",
        "npm:@testing-library/react@^16.3.2",
        "npm:@testing-library/user-event@^14.6.1",
        "npm:@types/node@^22.10.7",
        "npm:@types/react-dom@^18.3.1",
        "npm:@types/react-router-dom@5",
        "npm:@types/react@^18.3.12",
        "npm:@vitejs/plugin-react@^4.3.4",
        "npm:autoprefixer@10.4.20",
        "npm:canvas-confetti@^1.9.4",
        "npm:chart.js@^4.5.1",
        "npm:class-variance-authority@~0.7.1",
        "npm:clsx@^2.1.1",
        "npm:cmdk@1.0.0",
        "npm:date-fns@^3.6.0",
        "npm:embla-carousel-react@^8.5.2",
        "npm:eslint-plugin-react-hooks@5",
        "npm:eslint-plugin-react-refresh@~0.4.14",
        "npm:eslint@^9.15.0",
        "npm:framer-motion@^12.23.24",
        "npm:globals@^15.12.0",
        "npm:input-otp@^1.4.2",
        "npm:jsdom@^29.0.2",
        "npm:jspdf-autotable@^5.0.2",
        "npm:jspdf@^3.0.3",
        "npm:lucide-react@0.364",
        "npm:next-themes@~0.4.4",
        "npm:postcss@8.4.49",
        "npm:react-br-bank-icons@0.1",
        "npm:react-chartjs-2@^5.3.1",
        "npm:react-day-picker@8.10.1",
        "npm:react-dom@^18.3.1",
        "npm:react-hook-form@^7.54.2",
        "npm:react-hot-toast@^2.6.0",
        "npm:react-icons@^5.5.0",
        "npm:react-resizable-panels@^2.1.7",
        "npm:react-router-dom@6",
        "npm:react@^18.3.1",
        "npm:recharts@^2.15.4",
        "npm:resend@^6.4.2",
        "npm:sharp@~0.34.5",
        "npm:sonner@^1.7.2",
        "npm:tailwind-merge@^2.6.0",
        "npm:tailwindcss-animate@^1.0.7",
        "npm:tailwindcss@3.4.16",
        "npm:typescript-eslint@^8.15.0",
        "npm:typescript@~5.6.2",
        "npm:vaul@^1.1.2",
        "npm:vite-plugin-source-identifier@1.1.2",
        "npm:vite-plugin-svgr@^4.5.0",
        "npm:vite@^6.0.1",
        "npm:vitest@^4.1.2",
        "npm:web-push@^3.6.7",
        "npm:zod@^3.24.1",
        "npm:zustand@^5.0.8"
      ]
    }
  }
}
